// !$*UTF8*$!
{
	archiveVersion = 1;
	classes = {
	};
	objectVersion = 56;
	objects = {

/* Begin PBXBuildFile section */
		6F9CC6B229B8D14700FA5B92 /* UIBottomSheetApp.swift in Sources */ = {isa = PBXBuildFile; fileRef = 6F9CC6B129B8D14700FA5B92 /* UIBottomSheetApp.swift */; };
		6F9CC6B429B8D14700FA5B92 /* ContentView.swift in Sources */ = {isa = PBXBuildFile; fileRef = 6F9CC6B329B8D14700FA5B92 /* ContentView.swift */; };
		6F9CC6B629B8D14900FA5B92 /* Assets.xcassets in Resources */ = {isa = PBXBuildFile; fileRef = 6F9CC6B529B8D14900FA5B92 /* Assets.xcassets */; };
		6F9CC6B929B8D14900FA5B92 /* Preview Assets.xcassets in Resources */ = {isa = PBXBuildFile; fileRef = 6F9CC6B829B8D14900FA5B92 /* Preview Assets.xcassets */; };
		6F9CC6C029B8D26A00FA5B92 /* HomeView.swift in Sources */ = {isa = PBXBuildFile; fileRef = 6F9CC6BF29B8D26A00FA5B92 /* HomeView.swift */; };
		6F9CC6C329B8D3E400FA5B92 /* CardView.swift in Sources */ = {isa = PBXBuildFile; fileRef = 6F9CC6C229B8D3E400FA5B92 /* CardView.swift */; };
		6F9CC6C529B8D4C300FA5B92 /* TransactionRow.swift in Sources */ = {isa = PBXBuildFile; fileRef = 6F9CC6C429B8D4C300FA5B92 /* TransactionRow.swift */; };
		6F9CC6C729B8D5F400FA5B92 /* BottomSheetView.swift in Sources */ = {isa = PBXBuildFile; fileRef = 6F9CC6C629B8D5F400FA5B92 /* BottomSheetView.swift */; };
		6F9CC6C929B8D7A400FA5B92 /* BottomSheetContentView.swift in Sources */ = {isa = PBXBuildFile; fileRef = 6F9CC6C829B8D7A400FA5B92 /* BottomSheetContentView.swift */; };
		6F9CC6CB29B8DAA200FA5B92 /* BottomSheet.swift in Sources */ = {isa = PBXBuildFile; fileRef = 6F9CC6CA29B8DAA200FA5B92 /* BottomSheet.swift */; };
/* End PBXBuildFile section */

/* Begin PBXFileReference section */
		6F9CC6AE29B8D14700FA5B92 /* UIBottomSheet.app */ = {isa = PBXFileReference; explicitFileType = wrapper.application; includeInIndex = 0; path = UIBottomSheet.app; sourceTree = BUILT_PRODUCTS_DIR; };
		6F9CC6B129B8D14700FA5B92 /* UIBottomSheetApp.swift */ = {isa = PBXFileReference; lastKnownFileType = sourcecode.swift; path = UIBottomSheetApp.swift; sourceTree = "<group>"; };
		6F9CC6B329B8D14700FA5B92 /* ContentView.swift */ = {isa = PBXFileReference; lastKnownFileType = sourcecode.swift; path = ContentView.swift; sourceTree = "<group>"; };
		6F9CC6B529B8D14900FA5B92 /* Assets.xcassets */ = {isa = PBXFileReference; lastKnownFileType = folder.assetcatalog; path = Assets.xcassets; sourceTree = "<group>"; };
		6F9CC6B829B8D14900FA5B92 /* Preview Assets.xcassets */ = {isa = PBXFileReference; lastKnownFileType = folder.assetcatalog; path = "Preview Assets.xcassets"; sourceTree = "<group>"; };
		6F9CC6BF29B8D26A00FA5B92 /* HomeView.swift */ = {isa = PBXFileReference; lastKnownFileType = sourcecode.swift; path = HomeView.swift; sourceTree = "<group>"; };
		6F9CC6C229B8D3E400FA5B92 /* CardView.swift */ = {isa = PBXFileReference; lastKnownFileType = sourcecode.swift; path = CardView.swift; sourceTree = "<group>"; };
		6F9CC6C429B8D4C300FA5B92 /* TransactionRow.swift */ = {isa = PBXFileReference; lastKnownFileType = sourcecode.swift; path = TransactionRow.swift; sourceTree = "<group>"; };
		6F9CC6C629B8D5F400FA5B92 /* BottomSheetView.swift */ = {isa = PBXFileReference; lastKnownFileType = sourcecode.swift; path = BottomSheetView.swift; sourceTree = "<group>"; };
		6F9CC6C829B8D7A400FA5B92 /* BottomSheetContentView.swift */ = {isa = PBXFileReference; lastKnownFileType = sourcecode.swift; path = BottomSheetContentView.swift; sourceTree = "<group>"; };
		6F9CC6CA29B8DAA200FA5B92 /* BottomSheet.swift */ = {isa = PBXFileReference; lastKnownFileType = sourcecode.swift; path = BottomSheet.swift; sourceTree = "<group>"; };
/* End PBXFileReference section */

/* Begin PBXFrameworksBuildPhase section */
		6F9CC6AB29B8D14700FA5B92 /* Frameworks */ = {
			isa = PBXFrameworksBuildPhase;
			buildActionMask = 2147483647;
			files = (
			);
			runOnlyForDeploymentPostprocessing = 0;
		};
/* End PBXFrameworksBuildPhase section */

/* Begin PBXGroup section */
		6F9CC6A529B8D14700FA5B92 = {
			isa = PBXGroup;
			children = (
				6F9CC6B029B8D14700FA5B92 /* UIBottomSheet */,
				6F9CC6AF29B8D14700FA5B92 /* Products */,
			);
			sourceTree = "<group>";
		};
		6F9CC6AF29B8D14700FA5B92 /* Products */ = {
			isa = PBXGroup;
			children = (
				6F9CC6AE29B8D14700FA5B92 /* UIBottomSheet.app */,
			);
			name = Products;
			sourceTree = "<group>";
		};
		6F9CC6B029B8D14700FA5B92 /* UIBottomSheet */ = {
			isa = PBXGroup;
			children = (
				6F9CC6B129B8D14700FA5B92 /* UIBottomSheetApp.swift */,
				6F9CC6CA29B8DAA200FA5B92 /* BottomSheet.swift */,
				6F9CC6B329B8D14700FA5B92 /* ContentView.swift */,
				6F9CC6BF29B8D26A00FA5B92 /* HomeView.swift */,
				6F9CC6C629B8D5F400FA5B92 /* BottomSheetView.swift */,
				6F9CC6C129B8D3D600FA5B92 /* Components */,
				6F9CC6B529B8D14900FA5B92 /* Assets.xcassets */,
				6F9CC6B729B8D14900FA5B92 /* Preview Content */,
			);
			path = UIBottomSheet;
			sourceTree = "<group>";
		};
		6F9CC6B729B8D14900FA5B92 /* Preview Content */ = {
			isa = PBXGroup;
			children = (
				6F9CC6B829B8D14900FA5B92 /* Preview Assets.xcassets */,
			);
			path = "Preview Content";
			sourceTree = "<group>";
		};
		6F9CC6C129B8D3D600FA5B92 /* Components */ = {
			isa = PBXGroup;
			children = (
				6F9CC6C229B8D3E400FA5B92 /* CardView.swift */,
				6F9CC6C829B8D7A400FA5B92 /* BottomSheetContentView.swift */,
				6F9CC6C429B8D4C300FA5B92 /* TransactionRow.swift */,
			);
			path = Components;
			sourceTree = "<group>";
		};
/* End PBXGroup section */

/* Begin PBXNativeTarget section */
		6F9CC6AD29B8D14700FA5B92 /* UIBottomSheet */ = {
			isa = PBXNativeTarget;
			buildConfigurationList = 6F9CC6BC29B8D14900FA5B92 /* Build configuration list for PBXNativeTarget "UIBottomSheet" */;
			buildPhases = (
				6F9CC6AA29B8D14700FA5B92 /* Sources */,
				6F9CC6AB29B8D14700FA5B92 /* Frameworks */,
				6F9CC6AC29B8D14700FA5B92 /* Resources */,
			);
			buildRules = (
			);
			dependencies = (
			);
			name = UIBottomSheet;
			productName = UIBottomSheet;
			productReference = 6F9CC6AE29B8D14700FA5B92 /* UIBottomSheet.app */;
			productType = "com.apple.product-type.application";
		};
/* End PBXNativeTarget section */

/* Begin PBXProject section */
		6F9CC6A629B8D14700FA5B92 /* Project object */ = {
			isa = PBXProject;
			attributes = {
				BuildIndependentTargetsInParallel = 1;
				LastSwiftUpdateCheck = 1420;
				LastUpgradeCheck = 1420;
				TargetAttributes = {
					6F9CC6AD29B8D14700FA5B92 = {
						CreatedOnToolsVersion = 14.2;
					};
				};
			};
			buildConfigurationList = 6F9CC6A929B8D14700FA5B92 /* Build configuration list for PBXProject "UIBottomSheet" */;
			compatibilityVersion = "Xcode 14.0";
			developmentRegion = en;
			hasScannedForEncodings = 0;
			knownRegions = (
				en,
				Base,
			);
			mainGroup = 6F9CC6A529B8D14700FA5B92;
			productRefGroup = 6F9CC6AF29B8D14700FA5B92 /* Products */;
			projectDirPath = "";
			projectRoot = "";
			targets = (
				6F9CC6AD29B8D14700FA5B92 /* UIBottomSheet */,
			);
		};
/* End PBXProject section */

/* Begin PBXResourcesBuildPhase section */
		6F9CC6AC29B8D14700FA5B92 /* Resources */ = {
			isa = PBXResourcesBuildPhase;
			buildActionMask = 2147483647;
			files = (
				6F9CC6B929B8D14900FA5B92 /* Preview Assets.xcassets in Resources */,
				6F9CC6B629B8D14900FA5B92 /* Assets.xcassets in Resources */,
			);
			runOnlyForDeploymentPostprocessing = 0;
		};
/* End PBXResourcesBuildPhase section */

/* Begin PBXSourcesBuildPhase section */
		6F9CC6AA29B8D14700FA5B92 /* Sources */ = {
			isa = PBXSourcesBuildPhase;
			buildActionMask = 2147483647;
			files = (
				6F9CC6C529B8D4C300FA5B92 /* TransactionRow.swift in Sources */,
				6F9CC6C029B8D26A00FA5B92 /* HomeView.swift in Sources */,
				6F9CC6CB29B8DAA200FA5B92 /* BottomSheet.swift in Sources */,
				6F9CC6B429B8D14700FA5B92 /* ContentView.swift in Sources */,
				6F9CC6C329B8D3E400FA5B92 /* CardView.swift in Sources */,
				6F9CC6B229B8D14700FA5B92 /* UIBottomSheetApp.swift in Sources */,
				6F9CC6C929B8D7A400FA5B92 /* BottomSheetContentView.swift in Sources */,
				6F9CC6C729B8D5F400FA5B92 /* BottomSheetView.swift in Sources */,
			);
			runOnlyForDeploymentPostprocessing = 0;
		};
/* End PBXSourcesBuildPhase section */

/* Begin XCBuildConfiguration section */
		6F9CC6BA29B8D14900FA5B92 /* Debug */ = {
			isa = XCBuildConfiguration;
			buildSettings = {
				ALWAYS_SEARCH_USER_PATHS = NO;
				CLANG_ANALYZER_NONNULL = YES;
				CLANG_ANALYZER_NUMBER_OBJECT_CONVERSION = YES_AGGRESSIVE;
				CLANG_CXX_LANGUAGE_STANDARD = "gnu++20";
				CLANG_ENABLE_MODULES = YES;
				CLANG_ENABLE_OBJC_ARC = YES;
				CLANG_ENABLE_OBJC_WEAK = YES;
				CLANG_WARN_BLOCK_CAPTURE_AUTORELEASING = YES;
				CLANG_WARN_BOOL_CONVERSION = YES;
				CLANG_WARN_COMMA = YES;
				CLANG_WARN_CONSTANT_CONVERSION = YES;
				CLANG_WARN_DEPRECATED_OBJC_IMPLEMENTATIONS = YES;
				CLANG_WARN_DIRECT_OBJC_ISA_USAGE = YES_ERROR;
				CLANG_WARN_DOCUMENTATION_COMMENTS = YES;
				CLANG_WARN_EMPTY_BODY = YES;
				CLANG_WARN_ENUM_CONVERSION = YES;
				CLANG_WARN_INFINITE_RECURSION = YES;
				CLANG_WARN_INT_CONVERSION = YES;
				CLANG_WARN_NON_LITERAL_NULL_CONVERSION = YES;
				CLANG_WARN_OBJC_IMPLICIT_RETAIN_SELF = YES;
				CLANG_WARN_OBJC_LITERAL_CONVERSION = YES;
				CLANG_WARN_OBJC_ROOT_CLASS = YES_ERROR;
				CLANG_WARN_QUOTED_INCLUDE_IN_FRAMEWORK_HEADER = YES;
				CLANG_WARN_RANGE_LOOP_ANALYSIS = YES;
				CLANG_WARN_STRICT_PROTOTYPES = YES;
				CLANG_WARN_SUSPICIOUS_MOVE = YES;
				CLANG_WARN_UNGUARDED_AVAILABILITY = YES_AGGRESSIVE;
				CLANG_WARN_UNREACHABLE_CODE = YES;
				CLANG_WARN__DUPLICATE_METHOD_MATCH = YES;
				COPY_PHASE_STRIP = NO;
				DEBUG_INFORMATION_FORMAT = dwarf;
				ENABLE_STRICT_OBJC_MSGSEND = YES;
				ENABLE_TESTABILITY = YES;
				GCC_C_LANGUAGE_STANDARD = gnu11;
				GCC_DYNAMIC_NO_PIC = NO;
				GCC_NO_COMMON_BLOCKS = YES;
				GCC_OPTIMIZATION_LEVEL = 0;
				GCC_PREPROCESSOR_DEFINITIONS = (
					"DEBUG=1",
					"$(inherited)",
				);
				GCC_WARN_64_TO_32_BIT_CONVERSION = YES;
				GCC_WARN_ABOUT_RETURN_TYPE = YES_ERROR;
				GCC_WARN_UNDECLARED_SELECTOR = YES;
				GCC_WARN_UNINITIALIZED_AUTOS = YES_AGGRESSIVE;
				GCC_WARN_UNUSED_FUNCTION = YES;
				GCC_WARN_UNUSED_VARIABLE = YES;
				IPHONEOS_DEPLOYMENT_TARGET = 16.2;
				MTL_ENABLE_DEBUG_INFO = INCLUDE_SOURCE;
				MTL_FAST_MATH = YES;
				ONLY_ACTIVE_ARCH = YES;
				SDKROOT = iphoneos;
				SWIFT_ACTIVE_COMPILATION_CONDITIONS = DEBUG;
				SWIFT_OPTIMIZATION_LEVEL = "-Onone";
			};
			name = Debug;
		};
		6F9CC6BB29B8D14900FA5B92 /* Release */ = {
			isa = XCBuildConfiguration;
			buildSettings = {
				ALWAYS_SEARCH_USER_PATHS = NO;
				CLANG_ANALYZER_NONNULL = YES;
				CLANG_ANALYZER_NUMBER_OBJECT_CONVERSION = YES_AGGRESSIVE;
				CLANG_CXX_LANGUAGE_STANDARD = "gnu++20";
				CLANG_ENABLE_MODULES = YES;
				CLANG_ENABLE_OBJC_ARC = YES;
				CLANG_ENABLE_OBJC_WEAK = YES;
				CLANG_WARN_BLOCK_CAPTURE_AUTORELEASING = YES;
				CLANG_WARN_BOOL_CONVERSION = YES;
				CLANG_WARN_COMMA = YES;
				CLANG_WARN_CONSTANT_CONVERSION = YES;
				CLANG_WARN_DEPRECATED_OBJC_IMPLEMENTATIONS = YES;
				CLANG_WARN_DIRECT_OBJC_ISA_USAGE = YES_ERROR;
				CLANG_WARN_DOCUMENTATION_COMMENTS = YES;
				CLANG_WARN_EMPTY_BODY = YES;
				CLANG_WARN_ENUM_CONVERSION = YES;
				CLANG_WARN_INFINITE_RECURSION = YES;
				CLANG_WARN_INT_CONVERSION = YES;
				CLANG_WARN_NON_LITERAL_NULL_CONVERSION = YES;
				CLANG_WARN_OBJC_IMPLICIT_RETAIN_SELF = YES;
				CLANG_WARN_OBJC_LITERAL_CONVERSION = YES;
				CLANG_WARN_OBJC_ROOT_CLASS = YES_ERROR;
				CLANG_WARN_QUOTED_INCLUDE_IN_FRAMEWORK_HEADER = YES;
				CLANG_WARN_RANGE_LOOP_ANALYSIS = YES;
				CLANG_WARN_STRICT_PROTOTYPES = YES;
				CLANG_WARN_SUSPICIOUS_MOVE = YES;
				CLANG_WARN_UNGUARDED_AVAILABILITY = YES_AGGRESSIVE;
				CLANG_WARN_UNREACHABLE_CODE = YES;
				CLANG_WARN__DUPLICATE_METHOD_MATCH = YES;
				COPY_PHASE_STRIP = NO;
				DEBUG_INFORMATION_FORMAT = "dwarf-with-dsym";
				ENABLE_NS_ASSERTIONS = NO;
				ENABLE_STRICT_OBJC_MSGSEND = YES;
				GCC_C_LANGUAGE_STANDARD = gnu11;
				GCC_NO_COMMON_BLOCKS = YES;
				GCC_WARN_64_TO_32_BIT_CONVERSION = YES;
				GCC_WARN_ABOUT_RETURN_TYPE = YES_ERROR;
				GCC_WARN_UNDECLARED_SELECTOR = YES;
				GCC_WARN_UNINITIALIZED_AUTOS = YES_AGGRESSIVE;
				GCC_WARN_UNUSED_FUNCTION = YES;
				GCC_WARN_UNUSED_VARIABLE = YES;
				IPHONEOS_DEPLOYMENT_TARGET = 16.2;
				MTL_ENABLE_DEBUG_INFO = NO;
				MTL_FAST_MATH = YES;
				SDKROOT = iphoneos;
				SWIFT_COMPILATION_MODE = wholemodule;
				SWIFT_OPTIMIZATION_LEVEL = "-O";
				VALIDATE_PRODUCT = YES;
			};
			name = Release;
		};
		6F9CC6BD29B8D14900FA5B92 /* Debug */ = {
			isa = XCBuildConfiguration;
			buildSettings = {
				ASSETCATALOG_COMPILER_APPICON_NAME = AppIcon;
				ASSETCATALOG_COMPILER_GLOBAL_ACCENT_COLOR_NAME = AccentColor;
				CODE_SIGN_STYLE = Automatic;
				CURRENT_PROJECT_VERSION = 1;
				DEVELOPMENT_ASSET_PATHS = "\"UIBottomSheet/Preview Content\"";
				DEVELOPMENT_TEAM = K328B98U3F;
				ENABLE_PREVIEWS = YES;
				GENERATE_INFOPLIST_FILE = YES;
				INFOPLIST_KEY_UIApplicationSceneManifest_Generation = YES;
				INFOPLIST_KEY_UIApplicationSupportsIndirectInputEvents = YES;
				INFOPLIST_KEY_UILaunchScreen_Generation = YES;
				INFOPLIST_KEY_UISupportedInterfaceOrientations = "UIInterfaceOrientationPortrait UIInterfaceOrientationPortraitUpsideDown";
				LD_RUNPATH_SEARCH_PATHS = (
					"$(inherited)",
					"@executable_path/Frameworks",
				);
				MARKETING_VERSION = 1.0;
				PRODUCT_BUNDLE_IDENTIFIER = com.studies.UIBottomSheet;
				PRODUCT_NAME = "$(TARGET_NAME)";
				SUPPORTED_PLATFORMS = "iphoneos iphonesimulator";
				SUPPORTS_MACCATALYST = NO;
				SUPPORTS_MAC_DESIGNED_FOR_IPHONE_IPAD = NO;
				SWIFT_EMIT_LOC_STRINGS = YES;
				SWIFT_VERSION = 5.0;
				TARGETED_DEVICE_FAMILY = 1;
			};
			name = Debug;
		};
		6F9CC6BE29B8D14900FA5B92 /* Release */ = {
			isa = XCBuildConfiguration;
			buildSettings = {
				ASSETCATALOG_COMPILER_APPICON_NAME = AppIcon;
				ASSETCATALOG_COMPILER_GLOBAL_ACCENT_COLOR_NAME = AccentColor;
				CODE_SIGN_STYLE = Automatic;
				CURRENT_PROJECT_VERSION = 1;
				DEVELOPMENT_ASSET_PATHS = "\"UIBottomSheet/Preview Content\"";
				DEVELOPMENT_TEAM = K328B98U3F;
				ENABLE_PREVIEWS = YES;
				GENERATE_INFOPLIST_FILE = YES;
				INFOPLIST_KEY_UIApplicationSceneManifest_Generation = YES;
				INFOPLIST_KEY_UIApplicationSupportsIndirectInputEvents = YES;
				INFOPLIST_KEY_UILaunchScreen_Generation = YES;
				INFOPLIST_KEY_UISupportedInterfaceOrientations = "UIInterfaceOrientationPortrait UIInterfaceOrientationPortraitUpsideDown";
				LD_RUNPATH_SEARCH_PATHS = (
					"$(inherited)",
					"@executable_path/Frameworks",
				);
				MARKETING_VERSION = 1.0;
				PRODUCT_BUNDLE_IDENTIFIER = com.studies.UIBottomSheet;
				PRODUCT_NAME = "$(TARGET_NAME)";
				SUPPORTED_PLATFORMS = "iphoneos iphonesimulator";
				SUPPORTS_MACCATALYST = NO;
				SUPPORTS_MAC_DESIGNED_FOR_IPHONE_IPAD = NO;
				SWIFT_EMIT_LOC_STRINGS = YES;
				SWIFT_VERSION = 5.0;
				TARGETED_DEVICE_FAMILY = 1;
			};
			name = Release;
		};
/* End XCBuildConfiguration section */

/* Begin XCConfigurationList section */
		6F9CC6A929B8D14700FA5B92 /* Build configuration list for PBXProject "UIBottomSheet" */ = {
			isa = XCConfigurationList;
			buildConfigurations = (
				6F9CC6BA29B8D14900FA5B92 /* Debug */,
				6F9CC6BB29B8D14900FA5B92 /* Release */,
			);
			defaultConfigurationIsVisible = 0;
			defaultConfigurationName = Release;
		};
		6F9CC6BC29B8D14900FA5B92 /* Build configuration list for PBXNativeTarget "UIBottomSheet" */ = {
			isa = XCConfigurationList;
			buildConfigurations = (
				6F9CC6BD29B8D14900FA5B92 /* Debug */,
				6F9CC6BE29B8D14900FA5B92 /* Release */,
			);
			defaultConfigurationIsVisible = 0;
			defaultConfigurationName = Release;
		};
/* End XCConfigurationList section */
	};
	rootObject = 6F9CC6A629B8D14700FA5B92 /* Project object */;
}
